
Microsoft Visual Studio Solution File, Format Version 12.00
Project("{FAE04EC0-301F-11D3-BF4B-00C04F79EFBC}") = "Chrono.Console", "Chrono.Console\Chrono.Console.csproj", "{08B1F339-36B8-405C-9E88-CA50E076C61E}"
EndProject
Global
	GlobalSection(SolutionConfigurationPlatforms) = preSolution
		Debug|Any CPU = Debug|Any CPU
		Release|Any CPU = Release|Any CPU
	EndGlobalSection
	GlobalSection(ProjectConfigurationPlatforms) = postSolution
		{08B1F339-36B8-405C-9E88-CA50E076C61E}.Debug|Any CPU.ActiveCfg = Debug|Any CPU
		{08B1F339-36B8-405C-9E88-CA50E076C61E}.Debug|Any CPU.Build.0 = Debug|Any CPU
		{08B1F339-36B8-405C-9E88-CA50E076C61E}.Release|Any CPU.ActiveCfg = Release|Any CPU
		{08B1F339-36B8-405C-9E88-CA50E076C61E}.Release|Any CPU.Build.0 = Release|Any CPU
	EndGlobalSection
EndGlobal
